// !$*UTF8*$!
{
	archiveVersion = 1;
	classes = {
	};
	objectVersion = 46;
	objects = {

/* Begin PBXBuildFile section */
		C9DF16A91F91C00D00F368E6 /* AppDelegate.swift in Sources */ = {isa = PBXBuildFile; fileRef = C9DF16A81F91C00D00F368E6 /* AppDelegate.swift */; };
		C9DF16AB1F91C00D00F368E6 /* ViewController.swift in Sources */ = {isa = PBXBuildFile; fileRef = C9DF16AA1F91C00D00F368E6 /* ViewController.swift */; };
		C9DF16AE1F91C00D00F368E6 /* Main.storyboard in Resources */ = {isa = PBXBuildFile; fileRef = C9DF16AC1F91C00D00F368E6 /* Main.storyboard */; };
		C9DF16B01F91C00D00F368E6 /* Assets.xcassets in Resources */ = {isa = PBXBuildFile; fileRef = C9DF16AF1F91C00D00F368E6 /* Assets.xcassets */; };
		C9DF16B31F91C00D00F368E6 /* LaunchScreen.storyboard in Resources */ = {isa = PBXBuildFile; fileRef = C9DF16B11F91C00D00F368E6 /* LaunchScreen.storyboard */; };
		C9DF16BE1F91C00E00F368E6 /* TodoTests.swift in Sources */ = {isa = PBXBuildFile; fileRef = C9DF16BD1F91C00E00F368E6 /* TodoTests.swift */; };
		C9DF16C91F91C00E00F368E6 /* TodoUITests.swift in Sources */ = {isa = PBXBuildFile; fileRef = C9DF16C81F91C00E00F368E6 /* TodoUITests.swift */; };
		C9DF16D91F91C66700F368E6 /* RealmSwift.framework in Frameworks */ = {isa = PBXBuildFile; fileRef = C9DF16D81F91C66700F368E6 /* RealmSwift.framework */; };
/* End PBXBuildFile section */

/* Begin PBXContainerItemProxy section */
		C9DF16BA1F91C00E00F368E6 /* PBXContainerItemProxy */ = {
			isa = PBXContainerItemProxy;
			containerPortal = C9DF169D1F91C00D00F368E6 /* Project object */;
			proxyType = 1;
			remoteGlobalIDString = C9DF16A41F91C00D00F368E6;
			remoteInfo = Todo;
		};
		C9DF16C51F91C00E00F368E6 /* PBXContainerItemProxy */ = {
			isa = PBXContainerItemProxy;
			containerPortal = C9DF169D1F91C00D00F368E6 /* Project object */;
			proxyType = 1;
			remoteGlobalIDString = C9DF16A41F91C00D00F368E6;
			remoteInfo = Todo;
		};
/* End PBXContainerItemProxy section */

/* Begin PBXFileReference section */
		C9DF16A51F91C00D00F368E6 /* Todo.app */ = {isa = PBXFileReference; explicitFileType = wrapper.application; includeInIndex = 0; path = Todo.app; sourceTree = BUILT_PRODUCTS_DIR; };
		C9DF16A81F91C00D00F368E6 /* AppDelegate.swift */ = {isa = PBXFileReference; lastKnownFileType = sourcecode.swift; path = AppDelegate.swift; sourceTree = "<group>"; };
		C9DF16AA1F91C00D00F368E6 /* ViewController.swift */ = {isa = PBXFileReference; lastKnownFileType = sourcecode.swift; path = ViewController.swift; sourceTree = "<group>"; };
		C9DF16AD1F91C00D00F368E6 /* Base */ = {isa = PBXFileReference; lastKnownFileType = file.storyboard; name = Base; path = Base.lproj/Main.storyboard; sourceTree = "<group>"; };
		C9DF16AF1F91C00D00F368E6 /* Assets.xcassets */ = {isa = PBXFileReference; lastKnownFileType = folder.assetcatalog; path = Assets.xcassets; sourceTree = "<group>"; };
		C9DF16B21F91C00D00F368E6 /* Base */ = {isa = PBXFileReference; lastKnownFileType = file.storyboard; name = Base; path = Base.lproj/LaunchScreen.storyboard; sourceTree = "<group>"; };
		C9DF16B41F91C00D00F368E6 /* Info.plist */ = {isa = PBXFileReference; lastKnownFileType = text.plist.xml; path = Info.plist; sourceTree = "<group>"; };
		C9DF16B91F91C00E00F368E6 /* TodoTests.xctest */ = {isa = PBXFileReference; explicitFileType = wrapper.cfbundle; includeInIndex = 0; path = TodoTests.xctest; sourceTree = BUILT_PRODUCTS_DIR; };
		C9DF16BD1F91C00E00F368E6 /* TodoTests.swift */ = {isa = PBXFileReference; lastKnownFileType = sourcecode.swift; path = TodoTests.swift; sourceTree = "<group>"; };
		C9DF16BF1F91C00E00F368E6 /* Info.plist */ = {isa = PBXFileReference; lastKnownFileType = text.plist.xml; path = Info.plist; sourceTree = "<group>"; };
		C9DF16C41F91C00E00F368E6 /* TodoUITests.xctest */ = {isa = PBXFileReference; explicitFileType = wrapper.cfbundle; includeInIndex = 0; path = TodoUITests.xctest; sourceTree = BUILT_PRODUCTS_DIR; };
		C9DF16C81F91C00E00F368E6 /* TodoUITests.swift */ = {isa = PBXFileReference; lastKnownFileType = sourcecode.swift; path = TodoUITests.swift; sourceTree = "<group>"; };
		C9DF16CA1F91C00E00F368E6 /* Info.plist */ = {isa = PBXFileReference; lastKnownFileType = text.plist.xml; path = Info.plist; sourceTree = "<group>"; };
		C9DF16D81F91C66700F368E6 /* RealmSwift.framework */ = {isa = PBXFileReference; lastKnownFileType = wrapper.framework; name = RealmSwift.framework; path = Carthage/Build/iOS/RealmSwift.framework; sourceTree = "<group>"; };
/* End PBXFileReference section */

/* Begin PBXFrameworksBuildPhase section */
		C9DF16A21F91C00D00F368E6 /* Frameworks */ = {
			isa = PBXFrameworksBuildPhase;
			buildActionMask = 2147483647;
			files = (
				C9DF16D91F91C66700F368E6 /* RealmSwift.framework in Frameworks */,
			);
			runOnlyForDeploymentPostprocessing = 0;
		};
		C9DF16B61F91C00E00F368E6 /* Frameworks */ = {
			isa = PBXFrameworksBuildPhase;
			buildActionMask = 2147483647;
			files = (
			);
			runOnlyForDeploymentPostprocessing = 0;
		};
		C9DF16C11F91C00E00F368E6 /* Frameworks */ = {
			isa = PBXFrameworksBuildPhase;
			buildActionMask = 2147483647;
			files = (
			);
			runOnlyForDeploymentPostprocessing = 0;
		};
/* End PBXFrameworksBuildPhase section */

/* Begin PBXGroup section */
		C9DF169C1F91C00D00F368E6 = {
			isa = PBXGroup;
			children = (
				C9DF16A71F91C00D00F368E6 /* Todo */,
				C9DF16BC1F91C00E00F368E6 /* TodoTests */,
				C9DF16C71F91C00E00F368E6 /* TodoUITests */,
				C9DF16A61F91C00D00F368E6 /* Products */,
				C9DF16D71F91C66700F368E6 /* Frameworks */,
			);
			sourceTree = "<group>";
		};
		C9DF16A61F91C00D00F368E6 /* Products */ = {
			isa = PBXGroup;
			children = (
				C9DF16A51F91C00D00F368E6 /* Todo.app */,
				C9DF16B91F91C00E00F368E6 /* TodoTests.xctest */,
				C9DF16C41F91C00E00F368E6 /* TodoUITests.xctest */,
			);
			name = Products;
			sourceTree = "<group>";
		};
		C9DF16A71F91C00D00F368E6 /* Todo */ = {
			isa = PBXGroup;
			children = (
				C9DF16A81F91C00D00F368E6 /* AppDelegate.swift */,
				C9DF16AA1F91C00D00F368E6 /* ViewController.swift */,
				C9DF16AC1F91C00D00F368E6 /* Main.storyboard */,
				C9DF16AF1F91C00D00F368E6 /* Assets.xcassets */,
				C9DF16B11F91C00D00F368E6 /* LaunchScreen.storyboard */,
				C9DF16B41F91C00D00F368E6 /* Info.plist */,
			);
			path = Todo;
			sourceTree = "<group>";
		};
		C9DF16BC1F91C00E00F368E6 /* TodoTests */ = {
			isa = PBXGroup;
			children = (
				C9DF16BD1F91C00E00F368E6 /* TodoTests.swift */,
				C9DF16BF1F91C00E00F368E6 /* Info.plist */,
			);
			path = TodoTests;
			sourceTree = "<group>";
		};
		C9DF16C71F91C00E00F368E6 /* TodoUITests */ = {
			isa = PBXGroup;
			children = (
				C9DF16C81F91C00E00F368E6 /* TodoUITests.swift */,
				C9DF16CA1F91C00E00F368E6 /* Info.plist */,
			);
			path = TodoUITests;
			sourceTree = "<group>";
		};
		C9DF16D71F91C66700F368E6 /* Frameworks */ = {
			isa = PBXGroup;
			children = (
				C9DF16D81F91C66700F368E6 /* RealmSwift.framework */,
			);
			name = Frameworks;
			sourceTree = "<group>";
		};
/* End PBXGroup section */

/* Begin PBXNativeTarget section */
		C9DF16A41F91C00D00F368E6 /* Todo */ = {
			isa = PBXNativeTarget;
			buildConfigurationList = C9DF16CD1F91C00E00F368E6 /* Build configuration list for PBXNativeTarget "Todo" */;
			buildPhases = (
				C9DF16A11F91C00D00F368E6 /* Sources */,
				C9DF16A21F91C00D00F368E6 /* Frameworks */,
				C9DF16A31F91C00D00F368E6 /* Resources */,
				C9DF16D61F91C5F900F368E6 /* ShellScript */,
			);
			buildRules = (
			);
			dependencies = (
			);
			name = Todo;
			productName = Todo;
			productReference = C9DF16A51F91C00D00F368E6 /* Todo.app */;
			productType = "com.apple.product-type.application";
		};
		C9DF16B81F91C00E00F368E6 /* TodoTests */ = {
			isa = PBXNativeTarget;
			buildConfigurationList = C9DF16D01F91C00E00F368E6 /* Build configuration list for PBXNativeTarget "TodoTests" */;
			buildPhases = (
				C9DF16B51F91C00E00F368E6 /* Sources */,
				C9DF16B61F91C00E00F368E6 /* Frameworks */,
				C9DF16B71F91C00E00F368E6 /* Resources */,
			);
			buildRules = (
			);
			dependencies = (
				C9DF16BB1F91C00E00F368E6 /* PBXTargetDependency */,
			);
			name = TodoTests;
			productName = TodoTests;
			productReference = C9DF16B91F91C00E00F368E6 /* TodoTests.xctest */;
			productType = "com.apple.product-type.bundle.unit-test";
		};
		C9DF16C31F91C00E00F368E6 /* TodoUITests */ = {
			isa = PBXNativeTarget;
			buildConfigurationList = C9DF16D31F91C00E00F368E6 /* Build configuration list for PBXNativeTarget "TodoUITests" */;
			buildPhases = (
				C9DF16C01F91C00E00F368E6 /* Sources */,
				C9DF16C11F91C00E00F368E6 /* Frameworks */,
				C9DF16C21F91C00E00F368E6 /* Resources */,
			);
			buildRules = (
			);
			dependencies = (
				C9DF16C61F91C00E00F368E6 /* PBXTargetDependency */,
			);
			name = TodoUITests;
			productName = TodoUITests;
			productReference = C9DF16C41F91C00E00F368E6 /* TodoUITests.xctest */;
			productType = "com.apple.product-type.bundle.ui-testing";
		};
/* End PBXNativeTarget section */

/* Begin PBXProject section */
		C9DF169D1F91C00D00F368E6 /* Project object */ = {
			isa = PBXProject;
			attributes = {
				LastSwiftUpdateCheck = 0830;
				LastUpgradeCheck = 0830;
				ORGANIZATIONNAME = "ちゅーたつ";
				TargetAttributes = {
					C9DF16A41F91C00D00F368E6 = {
						CreatedOnToolsVersion = 8.3.3;
						DevelopmentTeam = J5ZDJEZ5EU;
						ProvisioningStyle = Automatic;
					};
					C9DF16B81F91C00E00F368E6 = {
						CreatedOnToolsVersion = 8.3.3;
						DevelopmentTeam = J5ZDJEZ5EU;
						ProvisioningStyle = Automatic;
						TestTargetID = C9DF16A41F91C00D00F368E6;
					};
					C9DF16C31F91C00E00F368E6 = {
						CreatedOnToolsVersion = 8.3.3;
						DevelopmentTeam = J5ZDJEZ5EU;
						ProvisioningStyle = Automatic;
						TestTargetID = C9DF16A41F91C00D00F368E6;
					};
				};
			};
			buildConfigurationList = C9DF16A01F91C00D00F368E6 /* Build configuration list for PBXProject "Todo" */;
			compatibilityVersion = "Xcode 3.2";
			developmentRegion = English;
			hasScannedForEncodings = 0;
			knownRegions = (
				en,
				Base,
			);
			mainGroup = C9DF169C1F91C00D00F368E6;
			productRefGroup = C9DF16A61F91C00D00F368E6 /* Products */;
			projectDirPath = "";
			projectRoot = "";
			targets = (
				C9DF16A41F91C00D00F368E6 /* Todo */,
				C9DF16B81F91C00E00F368E6 /* TodoTests */,
				C9DF16C31F91C00E00F368E6 /* TodoUITests */,
			);
		};
/* End PBXProject section */

/* Begin PBXResourcesBuildPhase section */
		C9DF16A31F91C00D00F368E6 /* Resources */ = {
			isa = PBXResourcesBuildPhase;
			buildActionMask = 2147483647;
			files = (
				C9DF16B31F91C00D00F368E6 /* LaunchScreen.storyboard in Resources */,
				C9DF16B01F91C00D00F368E6 /* Assets.xcassets in Resources */,
				C9DF16AE1F91C00D00F368E6 /* Main.storyboard in Resources */,
			);
			runOnlyForDeploymentPostprocessing = 0;
		};
		C9DF16B71F91C00E00F368E6 /* Resources */ = {
			isa = PBXResourcesBuildPhase;
			buildActionMask = 2147483647;
			files = (
			);
			runOnlyForDeploymentPostprocessing = 0;
		};
		C9DF16C21F91C00E00F368E6 /* Resources */ = {
			isa = PBXResourcesBuildPhase;
			buildActionMask = 2147483647;
			files = (
			);
			runOnlyForDeploymentPostprocessing = 0;
		};
/* End PBXResourcesBuildPhase section */

/* Begin PBXShellScriptBuildPhase section */
		C9DF16D61F91C5F900F368E6 /* ShellScript */ = {
			isa = PBXShellScriptBuildPhase;
			buildActionMask = 2147483647;
			files = (
			);
			inputPaths = (
				"$(SRCROOT)/Carthage/Build/iOS/RealmSwift.framework",
			);
			outputPaths = (
			);
			runOnlyForDeploymentPostprocessing = 0;
			shellPath = /bin/sh;
			shellScript = "";
		};
/* End PBXShellScriptBuildPhase section */

/* Begin PBXSourcesBuildPhase section */
		C9DF16A11F91C00D00F368E6 /* Sources */ = {
			isa = PBXSourcesBuildPhase;
			buildActionMask = 2147483647;
			files = (
				C9DF16AB1F91C00D00F368E6 /* ViewController.swift in Sources */,
				C9DF16A91F91C00D00F368E6 /* AppDelegate.swift in Sources */,
			);
			runOnlyForDeploymentPostprocessing = 0;
		};
		C9DF16B51F91C00E00F368E6 /* Sources */ = {
			isa = PBXSourcesBuildPhase;
			buildActionMask = 2147483647;
			files = (
				C9DF16BE1F91C00E00F368E6 /* TodoTests.swift in Sources */,
			);
			runOnlyForDeploymentPostprocessing = 0;
		};
		C9DF16C01F91C00E00F368E6 /* Sources */ = {
			isa = PBXSourcesBuildPhase;
			buildActionMask = 2147483647;
			files = (
				C9DF16C91F91C00E00F368E6 /* TodoUITests.swift in Sources */,
			);
			runOnlyForDeploymentPostprocessing = 0;
		};
/* End PBXSourcesBuildPhase section */

/* Begin PBXTargetDependency section */
		C9DF16BB1F91C00E00F368E6 /* PBXTargetDependency */ = {
			isa = PBXTargetDependency;
			target = C9DF16A41F91C00D00F368E6 /* Todo */;
			targetProxy = C9DF16BA1F91C00E00F368E6 /* PBXContainerItemProxy */;
		};
		C9DF16C61F91C00E00F368E6 /* PBXTargetDependency */ = {
			isa = PBXTargetDependency;
			target = C9DF16A41F91C00D00F368E6 /* Todo */;
			targetProxy = C9DF16C51F91C00E00F368E6 /* PBXContainerItemProxy */;
		};
/* End PBXTargetDependency section */

/* Begin PBXVariantGroup section */
		C9DF16AC1F91C00D00F368E6 /* Main.storyboard */ = {
			isa = PBXVariantGroup;
			children = (
				C9DF16AD1F91C00D00F368E6 /* Base */,
			);
			name = Main.storyboard;
			sourceTree = "<group>";
		};
		C9DF16B11F91C00D00F368E6 /* LaunchScreen.storyboard */ = {
			isa = PBXVariantGroup;
			children = (
				C9DF16B21F91C00D00F368E6 /* Base */,
			);
			name = LaunchScreen.storyboard;
			sourceTree = "<group>";
		};
/* End PBXVariantGroup section */

/* Begin XCBuildConfiguration section */
		C9DF16CB1F91C00E00F368E6 /* Debug */ = {
			isa = XCBuildConfiguration;
			buildSettings = {
				ALWAYS_SEARCH_USER_PATHS = NO;
				CLANG_ANALYZER_NONNULL = YES;
				CLANG_ANALYZER_NUMBER_OBJECT_CONVERSION = YES_AGGRESSIVE;
				CLANG_CXX_LANGUAGE_STANDARD = "gnu++0x";
				CLANG_CXX_LIBRARY = "libc++";
				CLANG_ENABLE_MODULES = YES;
				CLANG_ENABLE_OBJC_ARC = YES;
				CLANG_WARN_BOOL_CONVERSION = YES;
				CLANG_WARN_CONSTANT_CONVERSION = YES;
				CLANG_WARN_DIRECT_OBJC_ISA_USAGE = YES_ERROR;
				CLANG_WARN_DOCUMENTATION_COMMENTS = YES;
				CLANG_WARN_EMPTY_BODY = YES;
				CLANG_WARN_ENUM_CONVERSION = YES;
				CLANG_WARN_INFINITE_RECURSION = YES;
				CLANG_WARN_INT_CONVERSION = YES;
				CLANG_WARN_OBJC_ROOT_CLASS = YES_ERROR;
				CLANG_WARN_SUSPICIOUS_MOVE = YES;
				CLANG_WARN_UNREACHABLE_CODE = YES;
				CLANG_WARN__DUPLICATE_METHOD_MATCH = YES;
				"CODE_SIGN_IDENTITY[sdk=iphoneos*]" = "iPhone Developer";
				COPY_PHASE_STRIP = NO;
				DEBUG_INFORMATION_FORMAT = dwarf;
				ENABLE_STRICT_OBJC_MSGSEND = YES;
				ENABLE_TESTABILITY = YES;
				GCC_C_LANGUAGE_STANDARD = gnu99;
				GCC_DYNAMIC_NO_PIC = NO;
				GCC_NO_COMMON_BLOCKS = YES;
				GCC_OPTIMIZATION_LEVEL = 0;
				GCC_PREPROCESSOR_DEFINITIONS = (
					"DEBUG=1",
					"$(inherited)",
				);
				GCC_WARN_64_TO_32_BIT_CONVERSION = YES;
				GCC_WARN_ABOUT_RETURN_TYPE = YES_ERROR;
				GCC_WARN_UNDECLARED_SELECTOR = YES;
				GCC_WARN_UNINITIALIZED_AUTOS = YES_AGGRESSIVE;
				GCC_WARN_UNUSED_FUNCTION = YES;
				GCC_WARN_UNUSED_VARIABLE = YES;
				IPHONEOS_DEPLOYMENT_TARGET = 10.3;
				MTL_ENABLE_DEBUG_INFO = YES;
				ONLY_ACTIVE_ARCH = YES;
				SDKROOT = iphoneos;
				SWIFT_ACTIVE_COMPILATION_CONDITIONS = DEBUG;
				SWIFT_OPTIMIZATION_LEVEL = "-Onone";
			};
			name = Debug;
		};
		C9DF16CC1F91C00E00F368E6 /* Release */ = {
			isa = XCBuildConfiguration;
			buildSettings = {
				ALWAYS_SEARCH_USER_PATHS = NO;
				CLANG_ANALYZER_NONNULL = YES;
				CLANG_ANALYZER_NUMBER_OBJECT_CONVERSION = YES_AGGRESSIVE;
				CLANG_CXX_LANGUAGE_STANDARD = "gnu++0x";
				CLANG_CXX_LIBRARY = "libc++";
				CLANG_ENABLE_MODULES = YES;
				CLANG_ENABLE_OBJC_ARC = YES;
				CLANG_WARN_BOOL_CONVERSION = YES;
				CLANG_WARN_CONSTANT_CONVERSION = YES;
				CLANG_WARN_DIRECT_OBJC_ISA_USAGE = YES_ERROR;
				CLANG_WARN_DOCUMENTATION_COMMENTS = YES;
				CLANG_WARN_EMPTY_BODY = YES;
				CLANG_WARN_ENUM_CONVERSION = YES;
				CLANG_WARN_INFINITE_RECURSION = YES;
				CLANG_WARN_INT_CONVERSION = YES;
				CLANG_WARN_OBJC_ROOT_CLASS = YES_ERROR;
				CLANG_WARN_SUSPICIOUS_MOVE = YES;
				CLANG_WARN_UNREACHABLE_CODE = YES;
				CLANG_WARN__DUPLICATE_METHOD_MATCH = YES;
				"CODE_SIGN_IDENTITY[sdk=iphoneos*]" = "iPhone Developer";
				COPY_PHASE_STRIP = NO;
				DEBUG_INFORMATION_FORMAT = "dwarf-with-dsym";
				ENABLE_NS_ASSERTIONS = NO;
				ENABLE_STRICT_OBJC_MSGSEND = YES;
				GCC_C_LANGUAGE_STANDARD = gnu99;
				GCC_NO_COMMON_BLOCKS = YES;
				GCC_WARN_64_TO_32_BIT_CONVERSION = YES;
				GCC_WARN_ABOUT_RETURN_TYPE = YES_ERROR;
				GCC_WARN_UNDECLARED_SELECTOR = YES;
				GCC_WARN_UNINITIALIZED_AUTOS = YES_AGGRESSIVE;
				GCC_WARN_UNUSED_FUNCTION = YES;
				GCC_WARN_UNUSED_VARIABLE = YES;
				IPHONEOS_DEPLOYMENT_TARGET = 10.3;
				MTL_ENABLE_DEBUG_INFO = NO;
				SDKROOT = iphoneos;
				SWIFT_OPTIMIZATION_LEVEL = "-Owholemodule";
				VALIDATE_PRODUCT = YES;
			};
			name = Release;
		};
		C9DF16CE1F91C00E00F368E6 /* Debug */ = {
			isa = XCBuildConfiguration;
			buildSettings = {
				ASSETCATALOG_COMPILER_APPICON_NAME = AppIcon;
				DEVELOPMENT_TEAM = J5ZDJEZ5EU;
				FRAMEWORK_SEARCH_PATHS = (
					"$(inherited)",
					"$(PROJECT_DIR)/Carthage/Build/iOS",
				);
				INFOPLIST_FILE = Todo/Info.plist;
				IPHONEOS_DEPLOYMENT_TARGET = 9.0;
				LD_RUNPATH_SEARCH_PATHS = "$(inherited) @executable_path/Frameworks";
				PRODUCT_BUNDLE_IDENTIFIER = test.self.Todo;
				PRODUCT_NAME = "$(TARGET_NAME)";
				SWIFT_VERSION = 3.0;
			};
			name = Debug;
		};
		C9DF16CF1F91C00E00F368E6 /* Release */ = {
			isa = XCBuildConfiguration;
			buildSettings = {
				ASSETCATALOG_COMPILER_APPICON_NAME = AppIcon;
				DEVELOPMENT_TEAM = J5ZDJEZ5EU;
				FRAMEWORK_SEARCH_PATHS = (
					"$(inherited)",
					"$(PROJECT_DIR)/Carthage/Build/iOS",
				);
				INFOPLIST_FILE = Todo/Info.plist;
				IPHONEOS_DEPLOYMENT_TARGET = 9.0;
				LD_RUNPATH_SEARCH_PATHS = "$(inherited) @executable_path/Frameworks";
				PRODUCT_BUNDLE_IDENTIFIER = test.self.Todo;
				PRODUCT_NAME = "$(TARGET_NAME)";
				SWIFT_VERSION = 3.0;
			};
			name = Release;
		};
		C9DF16D11F91C00E00F368E6 /* Debug */ = {
			isa = XCBuildConfiguration;
			buildSettings = {
				ALWAYS_EMBED_SWIFT_STANDARD_LIBRARIES = YES;
				BUNDLE_LOADER = "$(TEST_HOST)";
				DEVELOPMENT_TEAM = J5ZDJEZ5EU;
				INFOPLIST_FILE = TodoTests/Info.plist;
				LD_RUNPATH_SEARCH_PATHS = "$(inherited) @executable_path/Frameworks @loader_path/Frameworks";
				PRODUCT_BUNDLE_IDENTIFIER = test.self.TodoTests;
				PRODUCT_NAME = "$(TARGET_NAME)";
				SWIFT_VERSION = 3.0;
				TEST_HOST = "$(BUILT_PRODUCTS_DIR)/Todo.app/Todo";
			};
			name = Debug;
		};
		C9DF16D21F91C00E00F368E6 /* Release */ = {
			isa = XCBuildConfiguration;
			buildSettings = {
				ALWAYS_EMBED_SWIFT_STANDARD_LIBRARIES = YES;
				BUNDLE_LOADER = "$(TEST_HOST)";
				DEVELOPMENT_TEAM = J5ZDJEZ5EU;
				INFOPLIST_FILE = TodoTests/Info.plist;
				LD_RUNPATH_SEARCH_PATHS = "$(inherited) @executable_path/Frameworks @loader_path/Frameworks";
				PRODUCT_BUNDLE_IDENTIFIER = test.self.TodoTests;
				PRODUCT_NAME = "$(TARGET_NAME)";
				SWIFT_VERSION = 3.0;
				TEST_HOST = "$(BUILT_PRODUCTS_DIR)/Todo.app/Todo";
			};
			name = Release;
		};
		C9DF16D41F91C00E00F368E6 /* Debug */ = {
			isa = XCBuildConfiguration;
			buildSettings = {
				ALWAYS_EMBED_SWIFT_STANDARD_LIBRARIES = YES;
				DEVELOPMENT_TEAM = J5ZDJEZ5EU;
				INFOPLIST_FILE = TodoUITests/Info.plist;
				LD_RUNPATH_SEARCH_PATHS = "$(inherited) @executable_path/Frameworks @loader_path/Frameworks";
				PRODUCT_BUNDLE_IDENTIFIER = test.self.TodoUITests;
				PRODUCT_NAME = "$(TARGET_NAME)";
				SWIFT_VERSION = 3.0;
				TEST_TARGET_NAME = Todo;
			};
			name = Debug;
		};
		C9DF16D51F91C00E00F368E6 /* Release */ = {
			isa = XCBuildConfiguration;
			buildSettings = {
				ALWAYS_EMBED_SWIFT_STANDARD_LIBRARIES = YES;
				DEVELOPMENT_TEAM = J5ZDJEZ5EU;
				INFOPLIST_FILE = TodoUITests/Info.plist;
				LD_RUNPATH_SEARCH_PATHS = "$(inherited) @executable_path/Frameworks @loader_path/Frameworks";
				PRODUCT_BUNDLE_IDENTIFIER = test.self.TodoUITests;
				PRODUCT_NAME = "$(TARGET_NAME)";
				SWIFT_VERSION = 3.0;
				TEST_TARGET_NAME = Todo;
			};
			name = Release;
		};
/* End XCBuildConfiguration section */

/* Begin XCConfigurationList section */
		C9DF16A01F91C00D00F368E6 /* Build configuration list for PBXProject "Todo" */ = {
			isa = XCConfigurationList;
			buildConfigurations = (
				C9DF16CB1F91C00E00F368E6 /* Debug */,
				C9DF16CC1F91C00E00F368E6 /* Release */,
			);
			defaultConfigurationIsVisible = 0;
			defaultConfigurationName = Release;
		};
		C9DF16CD1F91C00E00F368E6 /* Build configuration list for PBXNativeTarget "Todo" */ = {
			isa = XCConfigurationList;
			buildConfigurations = (
				C9DF16CE1F91C00E00F368E6 /* Debug */,
				C9DF16CF1F91C00E00F368E6 /* Release */,
			);
			defaultConfigurationIsVisible = 0;
			defaultConfigurationName = Release;
		};
		C9DF16D01F91C00E00F368E6 /* Build configuration list for PBXNativeTarget "TodoTests" */ = {
			isa = XCConfigurationList;
			buildConfigurations = (
				C9DF16D11F91C00E00F368E6 /* Debug */,
				C9DF16D21F91C00E00F368E6 /* Release */,
			);
			defaultConfigurationIsVisible = 0;
			defaultConfigurationName = Release;
		};
		C9DF16D31F91C00E00F368E6 /* Build configuration list for PBXNativeTarget "TodoUITests" */ = {
			isa = XCConfigurationList;
			buildConfigurations = (
				C9DF16D41F91C00E00F368E6 /* Debug */,
				C9DF16D51F91C00E00F368E6 /* Release */,
			);
			defaultConfigurationIsVisible = 0;
			defaultConfigurationName = Release;
		};
/* End XCConfigurationList section */
	};
	rootObject = C9DF169D1F91C00D00F368E6 /* Project object */;
}
